
Microsoft Visual Studio Solution File, Format Version 12.00
# Visual Studio Version 17
VisualStudioVersion = 17.13.36105.23 d17.13
MinimumVisualStudioVersion = 10.0.40219.1
Project("{FAE04EC0-301F-11D3-BF4B-00C04F79EFBC}") = "holex.reporting", "holex.reporting\holex.reporting.csproj", "{ACC18675-7CBB-4F90-901A-B7630BA5E5D5}"
EndProject
Global
	GlobalSection(SolutionConfigurationPlatforms) = preSolution
		Debug|Any CPU = Debug|Any CPU
		Release|Any CPU = Release|Any CPU
	EndGlobalSection
	GlobalSection(ProjectConfigurationPlatforms) = postSolution
		{ACC18675-7CBB-4F90-901A-B7630BA5E5D5}.Debug|Any CPU.ActiveCfg = Debug|Any CPU
		{ACC18675-7CBB-4F90-901A-B7630BA5E5D5}.Debug|Any CPU.Build.0 = Debug|Any CPU
		{ACC18675-7CBB-4F90-901A-B7630BA5E5D5}.Release|Any CPU.ActiveCfg = Release|Any CPU
		{ACC18675-7CBB-4F90-901A-B7630BA5E5D5}.Release|Any CPU.Build.0 = Release|Any CPU
	EndGlobalSection
	GlobalSection(SolutionProperties) = preSolution
		HideSolutionNode = FALSE
	EndGlobalSection
	GlobalSection(ExtensibilityGlobals) = postSolution
		SolutionGuid = {ECD3BA83-AC41-48C6-9D42-4778CB20EADB}
	EndGlobalSection
EndGlobal
